// !$*UTF8*$!
{
	archiveVersion = 1;
	classes = {
	};
	objectVersion = 77;
	objects = {

/* Begin PBXBuildFile section */
		36F043BD2F434DE200BA0305 /* CipherShare.appex in Embed Foundation Extensions */ = {isa = PBXBuildFile; fileRef = 36F043B32F434DE200BA0305 /* CipherShare.appex */; settings = {ATTRIBUTES = (RemoveHeadersOnCopy, ); }; };
/* End PBXBuildFile section */

/* Begin PBXContainerItemProxy section */
		369FFA8E2F3A60B700EC1695 /* PBXContainerItemProxy */ = {
			isa = PBXContainerItemProxy;
			containerPortal = 369FFA742F3A60B600EC1695 /* Project object */;
			proxyType = 1;
			remoteGlobalIDString = 369FFA7B2F3A60B600EC1695;
			remoteInfo = Cipher;
		};
		369FFA982F3A60B700EC1695 /* PBXContainerItemProxy */ = {
			isa = PBXContainerItemProxy;
			containerPortal = 369FFA742F3A60B600EC1695 /* Project object */;
			proxyType = 1;
			remoteGlobalIDString = 369FFA7B2F3A60B600EC1695;
			remoteInfo = Cipher;
		};
		36F043BB2F434DE200BA0305 /* PBXContainerItemProxy */ = {
			isa = PBXContainerItemProxy;
			containerPortal = 369FFA742F3A60B600EC1695 /* Project object */;
			proxyType = 1;
			remoteGlobalIDString = 36F043B22F434DE200BA0305;
			remoteInfo = CipherShare;
		};
/* End PBXContainerItemProxy section */

/* Begin PBXCopyFilesBuildPhase section */
		36F043C22F434DE200BA0305 /* Embed Foundation Extensions */ = {
			isa = PBXCopyFilesBuildPhase;
			buildActionMask = 2147483647;
			dstPath = "";
			dstSubfolderSpec = 13;
			files = (
				36F043BD2F434DE200BA0305 /* CipherShare.appex in Embed Foundation Extensions */,
			);
			name = "Embed Foundation Extensions";
			runOnlyForDeploymentPostprocessing = 0;
		};
/* End PBXCopyFilesBuildPhase section */

/* Begin PBXFileReference section */
		369FFA7C2F3A60B600EC1695 /* Cipher.app */ = {isa = PBXFileReference; explicitFileType = wrapper.application; includeInIndex = 0; path = Cipher.app; sourceTree = BUILT_PRODUCTS_DIR; };
		369FFA8D2F3A60B700EC1695 /* CipherTests.xctest */ = {isa = PBXFileReference; explicitFileType = wrapper.cfbundle; includeInIndex = 0; path = CipherTests.xctest; sourceTree = BUILT_PRODUCTS_DIR; };
		369FFA972F3A60B700EC1695 /* CipherUITests.xctest */ = {isa = PBXFileReference; explicitFileType = wrapper.cfbundle; includeInIndex = 0; path = CipherUITests.xctest; sourceTree = BUILT_PRODUCTS_DIR; };
		36F043B32F434DE200BA0305 /* CipherShare.appex */ = {isa = PBXFileReference; explicitFileType = "wrapper.app-extension"; includeInIndex = 0; path = CipherShare.appex; sourceTree = BUILT_PRODUCTS_DIR; };
/* End PBXFileReference section */

/* Begin PBXFileSystemSynchronizedBuildFileExceptionSet section */
		369FFA9F2F3A60B700EC1695 /* Exceptions for "Cipher" folder in "Cipher" target */ = {
			isa = PBXFileSystemSynchronizedBuildFileExceptionSet;
			membershipExceptions = (
				Info.plist,
			);
			target = 369FFA7B2F3A60B600EC1695 /* Cipher */;
		};
		36F043C12F434DE200BA0305 /* Exceptions for "CipherShare" folder in "CipherShare" target */ = {
			isa = PBXFileSystemSynchronizedBuildFileExceptionSet;
			membershipExceptions = (
				Info.plist,
			);
			target = 36F043B22F434DE200BA0305 /* CipherShare */;
		};
/* End PBXFileSystemSynchronizedBuildFileExceptionSet section */

/* Begin PBXFileSystemSynchronizedRootGroup section */
		369FFA7E2F3A60B600EC1695 /* Cipher */ = {
			isa = PBXFileSystemSynchronizedRootGroup;
			exceptions = (
				369FFA9F2F3A60B700EC1695 /* Exceptions for "Cipher" folder in "Cipher" target */,
			);
			path = Cipher;
			sourceTree = "<group>";
		};
		369FFA902F3A60B700EC1695 /* CipherTests */ = {
			isa = PBXFileSystemSynchronizedRootGroup;
			path = CipherTests;
			sourceTree = "<group>";
		};
		369FFA9A2F3A60B700EC1695 /* CipherUITests */ = {
			isa = PBXFileSystemSynchronizedRootGroup;
			path = CipherUITests;
			sourceTree = "<group>";
		};
		36F043B42F434DE200BA0305 /* CipherShare */ = {
			isa = PBXFileSystemSynchronizedRootGroup;
			exceptions = (
				36F043C12F434DE200BA0305 /* Exceptions for "CipherShare" folder in "CipherShare" target */,
			);
			path = CipherShare;
			sourceTree = "<group>";
		};
/* End PBXFileSystemSynchronizedRootGroup section */

/* Begin PBXFrameworksBuildPhase section */
		369FFA792F3A60B600EC1695 /* Frameworks */ = {
			isa = PBXFrameworksBuildPhase;
			buildActionMask = 2147483647;
			files = (
			);
			runOnlyForDeploymentPostprocessing = 0;
		};
		369FFA8A2F3A60B700EC1695 /* Frameworks */ = {
			isa = PBXFrameworksBuildPhase;
			buildActionMask = 2147483647;
			files = (
			);
			runOnlyForDeploymentPostprocessing = 0;
		};
		369FFA942F3A60B700EC1695 /* Frameworks */ = {
			isa = PBXFrameworksBuildPhase;
			buildActionMask = 2147483647;
			files = (
			);
			runOnlyForDeploymentPostprocessing = 0;
		};
		36F043B02F434DE200BA0305 /* Frameworks */ = {
			isa = PBXFrameworksBuildPhase;
			buildActionMask = 2147483647;
			files = (
			);
			runOnlyForDeploymentPostprocessing = 0;
		};
/* End PBXFrameworksBuildPhase section */

/* Begin PBXGroup section */
		369FFA732F3A60B600EC1695 = {
			isa = PBXGroup;
			children = (
				369FFA7E2F3A60B600EC1695 /* Cipher */,
				369FFA902F3A60B700EC1695 /* CipherTests */,
				369FFA9A2F3A60B700EC1695 /* CipherUITests */,
				36F043B42F434DE200BA0305 /* CipherShare */,
				369FFA7D2F3A60B600EC1695 /* Products */,
			);
			sourceTree = "<group>";
		};
		369FFA7D2F3A60B600EC1695 /* Products */ = {
			isa = PBXGroup;
			children = (
				369FFA7C2F3A60B600EC1695 /* Cipher.app */,
				369FFA8D2F3A60B700EC1695 /* CipherTests.xctest */,
				369FFA972F3A60B700EC1695 /* CipherUITests.xctest */,
				36F043B32F434DE200BA0305 /* CipherShare.appex */,
			);
			name = Products;
			sourceTree = "<group>";
		};
/* End PBXGroup section */

/* Begin PBXNativeTarget section */
		369FFA7B2F3A60B600EC1695 /* Cipher */ = {
			isa = PBXNativeTarget;
			buildConfigurationList = 369FFAA02F3A60B700EC1695 /* Build configuration list for PBXNativeTarget "Cipher" */;
			buildPhases = (
				369FFA782F3A60B600EC1695 /* Sources */,
				369FFA792F3A60B600EC1695 /* Frameworks */,
				369FFA7A2F3A60B600EC1695 /* Resources */,
				36F043C22F434DE200BA0305 /* Embed Foundation Extensions */,
			);
			buildRules = (
			);
			dependencies = (
				36F043BC2F434DE200BA0305 /* PBXTargetDependency */,
			);
			fileSystemSynchronizedGroups = (
				369FFA7E2F3A60B600EC1695 /* Cipher */,
			);
			name = Cipher;
			packageProductDependencies = (
			);
			productName = Cipher;
			productReference = 369FFA7C2F3A60B600EC1695 /* Cipher.app */;
			productType = "com.apple.product-type.application";
		};
		369FFA8C2F3A60B700EC1695 /* CipherTests */ = {
			isa = PBXNativeTarget;
			buildConfigurationList = 369FFAA52F3A60B700EC1695 /* Build configuration list for PBXNativeTarget "CipherTests" */;
			buildPhases = (
				369FFA892F3A60B700EC1695 /* Sources */,
				369FFA8A2F3A60B700EC1695 /* Frameworks */,
				369FFA8B2F3A60B700EC1695 /* Resources */,
			);
			buildRules = (
			);
			dependencies = (
				369FFA8F2F3A60B700EC1695 /* PBXTargetDependency */,
			);
			fileSystemSynchronizedGroups = (
				369FFA902F3A60B700EC1695 /* CipherTests */,
			);
			name = CipherTests;
			packageProductDependencies = (
			);
			productName = CipherTests;
			productReference = 369FFA8D2F3A60B700EC1695 /* CipherTests.xctest */;
			productType = "com.apple.product-type.bundle.unit-test";
		};
		369FFA962F3A60B700EC1695 /* CipherUITests */ = {
			isa = PBXNativeTarget;
			buildConfigurationList = 369FFAA82F3A60B700EC1695 /* Build configuration list for PBXNativeTarget "CipherUITests" */;
			buildPhases = (
				369FFA932F3A60B700EC1695 /* Sources */,
				369FFA942F3A60B700EC1695 /* Frameworks */,
				369FFA952F3A60B700EC1695 /* Resources */,
			);
			buildRules = (
			);
			dependencies = (
				369FFA992F3A60B700EC1695 /* PBXTargetDependency */,
			);
			fileSystemSynchronizedGroups = (
				369FFA9A2F3A60B700EC1695 /* CipherUITests */,
			);
			name = CipherUITests;
			packageProductDependencies = (
			);
			productName = CipherUITests;
			productReference = 369FFA972F3A60B700EC1695 /* CipherUITests.xctest */;
			productType = "com.apple.product-type.bundle.ui-testing";
		};
		36F043B22F434DE200BA0305 /* CipherShare */ = {
			isa = PBXNativeTarget;
			buildConfigurationList = 36F043BE2F434DE200BA0305 /* Build configuration list for PBXNativeTarget "CipherShare" */;
			buildPhases = (
				36F043AF2F434DE200BA0305 /* Sources */,
				36F043B02F434DE200BA0305 /* Frameworks */,
				36F043B12F434DE200BA0305 /* Resources */,
			);
			buildRules = (
			);
			dependencies = (
			);
			fileSystemSynchronizedGroups = (
				36F043B42F434DE200BA0305 /* CipherShare */,
			);
			name = CipherShare;
			packageProductDependencies = (
			);
			productName = CipherShare;
			productReference = 36F043B32F434DE200BA0305 /* CipherShare.appex */;
			productType = "com.apple.product-type.app-extension";
		};
/* End PBXNativeTarget section */

/* Begin PBXProject section */
		369FFA742F3A60B600EC1695 /* Project object */ = {
			isa = PBXProject;
			attributes = {
				BuildIndependentTargetsInParallel = 1;
				LastSwiftUpdateCheck = 2620;
				LastUpgradeCheck = 2620;
				TargetAttributes = {
					369FFA7B2F3A60B600EC1695 = {
						CreatedOnToolsVersion = 26.2;
					};
					369FFA8C2F3A60B700EC1695 = {
						CreatedOnToolsVersion = 26.2;
						TestTargetID = 369FFA7B2F3A60B600EC1695;
					};
					369FFA962F3A60B700EC1695 = {
						CreatedOnToolsVersion = 26.2;
						TestTargetID = 369FFA7B2F3A60B600EC1695;
					};
					36F043B22F434DE200BA0305 = {
						CreatedOnToolsVersion = 26.2;
					};
				};
			};
			buildConfigurationList = 369FFA772F3A60B600EC1695 /* Build configuration list for PBXProject "Cipher" */;
			developmentRegion = en;
			hasScannedForEncodings = 0;
			knownRegions = (
				en,
				Base,
			);
			mainGroup = 369FFA732F3A60B600EC1695;
			minimizedProjectReferenceProxies = 1;
			preferredProjectObjectVersion = 77;
			productRefGroup = 369FFA7D2F3A60B600EC1695 /* Products */;
			projectDirPath = "";
			projectRoot = "";
			targets = (
				369FFA7B2F3A60B600EC1695 /* Cipher */,
				369FFA8C2F3A60B700EC1695 /* CipherTests */,
				369FFA962F3A60B700EC1695 /* CipherUITests */,
				36F043B22F434DE200BA0305 /* CipherShare */,
			);
		};
/* End PBXProject section */

/* Begin PBXResourcesBuildPhase section */
		369FFA7A2F3A60B600EC1695 /* Resources */ = {
			isa = PBXResourcesBuildPhase;
			buildActionMask = 2147483647;
			files = (
			);
			runOnlyForDeploymentPostprocessing = 0;
		};
		369FFA8B2F3A60B700EC1695 /* Resources */ = {
			isa = PBXResourcesBuildPhase;
			buildActionMask = 2147483647;
			files = (
			);
			runOnlyForDeploymentPostprocessing = 0;
		};
		369FFA952F3A60B700EC1695 /* Resources */ = {
			isa = PBXResourcesBuildPhase;
			buildActionMask = 2147483647;
			files = (
			);
			runOnlyForDeploymentPostprocessing = 0;
		};
		36F043B12F434DE200BA0305 /* Resources */ = {
			isa = PBXResourcesBuildPhase;
			buildActionMask = 2147483647;
			files = (
			);
			runOnlyForDeploymentPostprocessing = 0;
		};
/* End PBXResourcesBuildPhase section */

/* Begin PBXSourcesBuildPhase section */
		369FFA782F3A60B600EC1695 /* Sources */ = {
			isa = PBXSourcesBuildPhase;
			buildActionMask = 2147483647;
			files = (
			);
			runOnlyForDeploymentPostprocessing = 0;
		};
		369FFA892F3A60B700EC1695 /* Sources */ = {
			isa = PBXSourcesBuildPhase;
			buildActionMask = 2147483647;
			files = (
			);
			runOnlyForDeploymentPostprocessing = 0;
		};
		369FFA932F3A60B700EC1695 /* Sources */ = {
			isa = PBXSourcesBuildPhase;
			buildActionMask = 2147483647;
			files = (
			);
			runOnlyForDeploymentPostprocessing = 0;
		};
		36F043AF2F434DE200BA0305 /* Sources */ = {
			isa = PBXSourcesBuildPhase;
			buildActionMask = 2147483647;
			files = (
			);
			runOnlyForDeploymentPostprocessing = 0;
		};
/* End PBXSourcesBuildPhase section */

/* Begin PBXTargetDependency section */
		369FFA8F2F3A60B700EC1695 /* PBXTargetDependency */ = {
			isa = PBXTargetDependency;
			target = 369FFA7B2F3A60B600EC1695 /* Cipher */;
			targetProxy = 369FFA8E2F3A60B700EC1695 /* PBXContainerItemProxy */;
		};
		369FFA992F3A60B700EC1695 /* PBXTargetDependency */ = {
			isa = PBXTargetDependency;
			target = 369FFA7B2F3A60B600EC1695 /* Cipher */;
			targetProxy = 369FFA982F3A60B700EC1695 /* PBXContainerItemProxy */;
		};
		36F043BC2F434DE200BA0305 /* PBXTargetDependency */ = {
			isa = PBXTargetDependency;
			target = 36F043B22F434DE200BA0305 /* CipherShare */;
			targetProxy = 36F043BB2F434DE200BA0305 /* PBXContainerItemProxy */;
		};
/* End PBXTargetDependency section */

/* Begin XCBuildConfiguration section */
		369FFAA12F3A60B700EC1695 /* Debug */ = {
			isa = XCBuildConfiguration;
			buildSettings = {
				ASSETCATALOG_COMPILER_APPICON_NAME = AppIcon;
				ASSETCATALOG_COMPILER_GLOBAL_ACCENT_COLOR_NAME = AccentColor;
				CODE_SIGN_ENTITLEMENTS = Cipher/Cipher.entitlements;
				CODE_SIGN_STYLE = Automatic;
				CURRENT_PROJECT_VERSION = 1;
				DEVELOPMENT_TEAM = SUD7RHBW66;
				ENABLE_APP_SANDBOX = YES;
				ENABLE_HARDENED_RUNTIME = YES;
				ENABLE_PREVIEWS = YES;
				ENABLE_USER_SELECTED_FILES = readonly;
				GENERATE_INFOPLIST_FILE = YES;
				INFOPLIST_FILE = Cipher/Info.plist;
				INFOPLIST_KEY_NSCameraUsageDescription = "Cipher uses the camera to photograph carpet and textile patterns for cultural analysis.";
				INFOPLIST_KEY_NSLocalNetworkUsageDescription = "Cipher connects to the analysis server on your local network.";
				INFOPLIST_KEY_NSPhotoLibraryUsageDescription = "Cipher accesses your photo library to select textile and carpet patterns for analysis.";
				"INFOPLIST_KEY_UIApplicationSceneManifest_Generation[sdk=iphoneos*]" = YES;
				"INFOPLIST_KEY_UIApplicationSceneManifest_Generation[sdk=iphonesimulator*]" = YES;
				"INFOPLIST_KEY_UIApplicationSupportsIndirectInputEvents[sdk=iphoneos*]" = YES;
				"INFOPLIST_KEY_UIApplicationSupportsIndirectInputEvents[sdk=iphonesimulator*]" = YES;
				"INFOPLIST_KEY_UILaunchScreen_Generation[sdk=iphoneos*]" = YES;
				"INFOPLIST_KEY_UILaunchScreen_Generation[sdk=iphonesimulator*]" = YES;
				"INFOPLIST_KEY_UIStatusBarStyle[sdk=iphoneos*]" = UIStatusBarStyleDefault;
				"INFOPLIST_KEY_UIStatusBarStyle[sdk=iphonesimulator*]" = UIStatusBarStyleDefault;
				INFOPLIST_KEY_UISupportedInterfaceOrientations_iPad = "UIInterfaceOrientationPortrait UIInterfaceOrientationPortraitUpsideDown UIInterfaceOrientationLandscapeLeft UIInterfaceOrientationLandscapeRight";
				INFOPLIST_KEY_UISupportedInterfaceOrientations_iPhone = "UIInterfaceOrientationPortrait UIInterfaceOrientationLandscapeLeft UIInterfaceOrientationLandscapeRight";
				IPHONEOS_DEPLOYMENT_TARGET = 26.2;
				LD_RUNPATH_SEARCH_PATHS = "@executable_path/Frameworks";
				"LD_RUNPATH_SEARCH_PATHS[sdk=macosx*]" = "@executable_path/../Frameworks";
				MACOSX_DEPLOYMENT_TARGET = 26.2;
				MARKETING_VERSION = 1.0;
				PRODUCT_BUNDLE_IDENTIFIER = com.louiscurrie.Cipher;
				PRODUCT_NAME = "$(TARGET_NAME)";
				REGISTER_APP_GROUPS = YES;
				SDKROOT = auto;
				STRING_CATALOG_GENERATE_SYMBOLS = YES;
				SUPPORTED_PLATFORMS = "iphoneos iphonesimulator macosx xros xrsimulator";
				SWIFT_APPROACHABLE_CONCURRENCY = YES;
				SWIFT_DEFAULT_ACTOR_ISOLATION = MainActor;
				SWIFT_EMIT_LOC_STRINGS = YES;
				SWIFT_UPCOMING_FEATURE_MEMBER_IMPORT_VISIBILITY = YES;
				SWIFT_VERSION = 5.0;
				TARGETED_DEVICE_FAMILY = "1,2,7";
				XROS_DEPLOYMENT_TARGET = 26.2;
			};
			name = Debug;
		};
		369FFAA22F3A60B700EC1695 /* Release */ = {
			isa = XCBuildConfiguration;
			buildSettings = {
				ASSETCATALOG_COMPILER_APPICON_NAME = AppIcon;
				ASSETCATALOG_COMPILER_GLOBAL_ACCENT_COLOR_NAME = AccentColor;
				CODE_SIGN_ENTITLEMENTS = Cipher/Cipher.entitlements;
				CODE_SIGN_STYLE = Automatic;
				CURRENT_PROJECT_VERSION = 1;
				DEVELOPMENT_TEAM = SUD7RHBW66;
				ENABLE_APP_SANDBOX = YES;
				ENABLE_HARDENED_RUNTIME = YES;
				ENABLE_PREVIEWS = YES;
				ENABLE_USER_SELECTED_FILES = readonly;
				GENERATE_INFOPLIST_FILE = YES;
				INFOPLIST_FILE = Cipher/Info.plist;
				INFOPLIST_KEY_NSCameraUsageDescription = "Cipher uses the camera to photograph carpet and textile patterns for cultural analysis.";
				INFOPLIST_KEY_NSLocalNetworkUsageDescription = "Cipher connects to the analysis server on your local network.";
				INFOPLIST_KEY_NSPhotoLibraryUsageDescription = "Cipher accesses your photo library to select textile and carpet patterns for analysis.";
				"INFOPLIST_KEY_UIApplicationSceneManifest_Generation[sdk=iphoneos*]" = YES;
				"INFOPLIST_KEY_UIApplicationSceneManifest_Generation[sdk=iphonesimulator*]" = YES;
				"INFOPLIST_KEY_UIApplicationSupportsIndirectInputEvents[sdk=iphoneos*]" = YES;
				"INFOPLIST_KEY_UIApplicationSupportsIndirectInputEvents[sdk=iphonesimulator*]" = YES;
				"INFOPLIST_KEY_UILaunchScreen_Generation[sdk=iphoneos*]" = YES;
				"INFOPLIST_KEY_UILaunchScreen_Generation[sdk=iphonesimulator*]" = YES;
				"INFOPLIST_KEY_UIStatusBarStyle[sdk=iphoneos*]" = UIStatusBarStyleDefault;
				"INFOPLIST_KEY_UIStatusBarStyle[sdk=iphonesimulator*]" = UIStatusBarStyleDefault;
				INFOPLIST_KEY_UISupportedInterfaceOrientations_iPad = "UIInterfaceOrientationPortrait UIInterfaceOrientationPortraitUpsideDown UIInterfaceOrientationLandscapeLeft UIInterfaceOrientationLandscapeRight";
				INFOPLIST_KEY_UISupportedInterfaceOrientations_iPhone = "UIInterfaceOrientationPortrait UIInterfaceOrientationLandscapeLeft UIInterfaceOrientationLandscapeRight";
				IPHONEOS_DEPLOYMENT_TARGET = 26.2;
				LD_RUNPATH_SEARCH_PATHS = "@executable_path/Frameworks";
				"LD_RUNPATH_SEARCH_PATHS[sdk=macosx*]" = "@executable_path/../Frameworks";
				MACOSX_DEPLOYMENT_TARGET = 26.2;
				MARKETING_VERSION = 1.0;
				PRODUCT_BUNDLE_IDENTIFIER = com.louiscurrie.Cipher;
				PRODUCT_NAME = "$(TARGET_NAME)";
				REGISTER_APP_GROUPS = YES;
				SDKROOT = auto;
				STRING_CATALOG_GENERATE_SYMBOLS = YES;
				SUPPORTED_PLATFORMS = "iphoneos iphonesimulator macosx xros xrsimulator";
				SWIFT_APPROACHABLE_CONCURRENCY = YES;
				SWIFT_DEFAULT_ACTOR_ISOLATION = MainActor;
				SWIFT_EMIT_LOC_STRINGS = YES;
				SWIFT_UPCOMING_FEATURE_MEMBER_IMPORT_VISIBILITY = YES;
				SWIFT_VERSION = 5.0;
				TARGETED_DEVICE_FAMILY = "1,2,7";
				XROS_DEPLOYMENT_TARGET = 26.2;
			};
			name = Release;
		};
		369FFAA32F3A60B700EC1695 /* Debug */ = {
			isa = XCBuildConfiguration;
			buildSettings = {
				ALWAYS_SEARCH_USER_PATHS = NO;
				ASSETCATALOG_COMPILER_GENERATE_SWIFT_ASSET_SYMBOL_EXTENSIONS = YES;
				CLANG_ANALYZER_NONNULL = YES;
				CLANG_ANALYZER_NUMBER_OBJECT_CONVERSION = YES_AGGRESSIVE;
				CLANG_CXX_LANGUAGE_STANDARD = "gnu++20";
				CLANG_ENABLE_MODULES = YES;
				CLANG_ENABLE_OBJC_ARC = YES;
				CLANG_ENABLE_OBJC_WEAK = YES;
				CLANG_WARN_BLOCK_CAPTURE_AUTORELEASING = YES;
				CLANG_WARN_BOOL_CONVERSION = YES;
				CLANG_WARN_COMMA = YES;
				CLANG_WARN_CONSTANT_CONVERSION = YES;
				CLANG_WARN_DEPRECATED_OBJC_IMPLEMENTATIONS = YES;
				CLANG_WARN_DIRECT_OBJC_ISA_USAGE = YES_ERROR;
				CLANG_WARN_DOCUMENTATION_COMMENTS = YES;
				CLANG_WARN_EMPTY_BODY = YES;
				CLANG_WARN_ENUM_CONVERSION = YES;
				CLANG_WARN_INFINITE_RECURSION = YES;
				CLANG_WARN_INT_CONVERSION = YES;
				CLANG_WARN_NON_LITERAL_NULL_CONVERSION = YES;
				CLANG_WARN_OBJC_IMPLICIT_RETAIN_SELF = YES;
				CLANG_WARN_OBJC_LITERAL_CONVERSION = YES;
				CLANG_WARN_OBJC_ROOT_CLASS = YES_ERROR;
				CLANG_WARN_QUOTED_INCLUDE_IN_FRAMEWORK_HEADER = YES;
				CLANG_WARN_RANGE_LOOP_ANALYSIS = YES;
				CLANG_WARN_STRICT_PROTOTYPES = YES;
				CLANG_WARN_SUSPICIOUS_MOVE = YES;
				CLANG_WARN_UNGUARDED_AVAILABILITY = YES_AGGRESSIVE;
				CLANG_WARN_UNREACHABLE_CODE = YES;
				CLANG_WARN__DUPLICATE_METHOD_MATCH = YES;
				COPY_PHASE_STRIP = NO;
				DEBUG_INFORMATION_FORMAT = dwarf;
				DEVELOPMENT_TEAM = SUD7RHBW66;
				ENABLE_STRICT_OBJC_MSGSEND = YES;
				ENABLE_TESTABILITY = YES;
				ENABLE_USER_SCRIPT_SANDBOXING = YES;
				GCC_C_LANGUAGE_STANDARD = gnu17;
				GCC_DYNAMIC_NO_PIC = NO;
				GCC_NO_COMMON_BLOCKS = YES;
				GCC_OPTIMIZATION_LEVEL = 0;
				GCC_PREPROCESSOR_DEFINITIONS = (
					"DEBUG=1",
					"$(inherited)",
				);
				GCC_WARN_64_TO_32_BIT_CONVERSION = YES;
				GCC_WARN_ABOUT_RETURN_TYPE = YES_ERROR;
				GCC_WARN_UNDECLARED_SELECTOR = YES;
				GCC_WARN_UNINITIALIZED_AUTOS = YES_AGGRESSIVE;
				GCC_WARN_UNUSED_FUNCTION = YES;
				GCC_WARN_UNUSED_VARIABLE = YES;
				LOCALIZATION_PREFERS_STRING_CATALOGS = YES;
				MTL_ENABLE_DEBUG_INFO = INCLUDE_SOURCE;
				MTL_FAST_MATH = YES;
				ONLY_ACTIVE_ARCH = YES;
				SWIFT_ACTIVE_COMPILATION_CONDITIONS = "DEBUG $(inherited)";
				SWIFT_OPTIMIZATION_LEVEL = "-Onone";
			};
			name = Debug;
		};
		369FFAA42F3A60B700EC1695 /* Release */ = {
			isa = XCBuildConfiguration;
			buildSettings = {
				ALWAYS_SEARCH_USER_PATHS = NO;
				ASSETCATALOG_COMPILER_GENERATE_SWIFT_ASSET_SYMBOL_EXTENSIONS = YES;
				CLANG_ANALYZER_NONNULL = YES;
				CLANG_ANALYZER_NUMBER_OBJECT_CONVERSION = YES_AGGRESSIVE;
				CLANG_CXX_LANGUAGE_STANDARD = "gnu++20";
				CLANG_ENABLE_MODULES = YES;
				CLANG_ENABLE_OBJC_ARC = YES;
				CLANG_ENABLE_OBJC_WEAK = YES;
				CLANG_WARN_BLOCK_CAPTURE_AUTORELEASING = YES;
				CLANG_WARN_BOOL_CONVERSION = YES;
				CLANG_WARN_COMMA = YES;
				CLANG_WARN_CONSTANT_CONVERSION = YES;
				CLANG_WARN_DEPRECATED_OBJC_IMPLEMENTATIONS = YES;
				CLANG_WARN_DIRECT_OBJC_ISA_USAGE = YES_ERROR;
				CLANG_WARN_DOCUMENTATION_COMMENTS = YES;
				CLANG_WARN_EMPTY_BODY = YES;
				CLANG_WARN_ENUM_CONVERSION = YES;
				CLANG_WARN_INFINITE_RECURSION = YES;
				CLANG_WARN_INT_CONVERSION = YES;
				CLANG_WARN_NON_LITERAL_NULL_CONVERSION = YES;
				CLANG_WARN_OBJC_IMPLICIT_RETAIN_SELF = YES;
				CLANG_WARN_OBJC_LITERAL_CONVERSION = YES;
				CLANG_WARN_OBJC_ROOT_CLASS = YES_ERROR;
				CLANG_WARN_QUOTED_INCLUDE_IN_FRAMEWORK_HEADER = YES;
				CLANG_WARN_RANGE_LOOP_ANALYSIS = YES;
				CLANG_WARN_STRICT_PROTOTYPES = YES;
				CLANG_WARN_SUSPICIOUS_MOVE = YES;
				CLANG_WARN_UNGUARDED_AVAILABILITY = YES_AGGRESSIVE;
				CLANG_WARN_UNREACHABLE_CODE = YES;
				CLANG_WARN__DUPLICATE_METHOD_MATCH = YES;
				COPY_PHASE_STRIP = NO;
				DEBUG_INFORMATION_FORMAT = "dwarf-with-dsym";
				DEVELOPMENT_TEAM = SUD7RHBW66;
				ENABLE_NS_ASSERTIONS = NO;
				ENABLE_STRICT_OBJC_MSGSEND = YES;
				ENABLE_USER_SCRIPT_SANDBOXING = YES;
				GCC_C_LANGUAGE_STANDARD = gnu17;
				GCC_NO_COMMON_BLOCKS = YES;
				GCC_WARN_64_TO_32_BIT_CONVERSION = YES;
				GCC_WARN_ABOUT_RETURN_TYPE = YES_ERROR;
				GCC_WARN_UNDECLARED_SELECTOR = YES;
				GCC_WARN_UNINITIALIZED_AUTOS = YES_AGGRESSIVE;
				GCC_WARN_UNUSED_FUNCTION = YES;
				GCC_WARN_UNUSED_VARIABLE = YES;
				LOCALIZATION_PREFERS_STRING_CATALOGS = YES;
				MTL_ENABLE_DEBUG_INFO = NO;
				MTL_FAST_MATH = YES;
				SWIFT_COMPILATION_MODE = wholemodule;
			};
			name = Release;
		};
		369FFAA62F3A60B700EC1695 /* Debug */ = {
			isa = XCBuildConfiguration;
			buildSettings = {
				BUNDLE_LOADER = "$(TEST_HOST)";
				CODE_SIGN_STYLE = Automatic;
				CURRENT_PROJECT_VERSION = 1;
				DEVELOPMENT_TEAM = SUD7RHBW66;
				GENERATE_INFOPLIST_FILE = YES;
				IPHONEOS_DEPLOYMENT_TARGET = 26.2;
				MACOSX_DEPLOYMENT_TARGET = 26.2;
				MARKETING_VERSION = 1.0;
				PRODUCT_BUNDLE_IDENTIFIER = com.louiscurrie.CipherTests;
				PRODUCT_NAME = "$(TARGET_NAME)";
				SDKROOT = auto;
				STRING_CATALOG_GENERATE_SYMBOLS = NO;
				SUPPORTED_PLATFORMS = "iphoneos iphonesimulator macosx xros xrsimulator";
				SWIFT_APPROACHABLE_CONCURRENCY = YES;
				SWIFT_EMIT_LOC_STRINGS = NO;
				SWIFT_UPCOMING_FEATURE_MEMBER_IMPORT_VISIBILITY = YES;
				SWIFT_VERSION = 5.0;
				TARGETED_DEVICE_FAMILY = "1,2,7";
				TEST_HOST = "$(BUILT_PRODUCTS_DIR)/Cipher.app/$(BUNDLE_EXECUTABLE_FOLDER_PATH)/Cipher";
				XROS_DEPLOYMENT_TARGET = 26.2;
			};
			name = Debug;
		};
		369FFAA72F3A60B700EC1695 /* Release */ = {
			isa = XCBuildConfiguration;
			buildSettings = {
				BUNDLE_LOADER = "$(TEST_HOST)";
				CODE_SIGN_STYLE = Automatic;
				CURRENT_PROJECT_VERSION = 1;
				DEVELOPMENT_TEAM = SUD7RHBW66;
				GENERATE_INFOPLIST_FILE = YES;
				IPHONEOS_DEPLOYMENT_TARGET = 26.2;
				MACOSX_DEPLOYMENT_TARGET = 26.2;
				MARKETING_VERSION = 1.0;
				PRODUCT_BUNDLE_IDENTIFIER = com.louiscurrie.CipherTests;
				PRODUCT_NAME = "$(TARGET_NAME)";
				SDKROOT = auto;
				STRING_CATALOG_GENERATE_SYMBOLS = NO;
				SUPPORTED_PLATFORMS = "iphoneos iphonesimulator macosx xros xrsimulator";
				SWIFT_APPROACHABLE_CONCURRENCY = YES;
				SWIFT_EMIT_LOC_STRINGS = NO;
				SWIFT_UPCOMING_FEATURE_MEMBER_IMPORT_VISIBILITY = YES;
				SWIFT_VERSION = 5.0;
				TARGETED_DEVICE_FAMILY = "1,2,7";
				TEST_HOST = "$(BUILT_PRODUCTS_DIR)/Cipher.app/$(BUNDLE_EXECUTABLE_FOLDER_PATH)/Cipher";
				XROS_DEPLOYMENT_TARGET = 26.2;
			};
			name = Release;
		};
		369FFAA92F3A60B700EC1695 /* Debug */ = {
			isa = XCBuildConfiguration;
			buildSettings = {
				CODE_SIGN_STYLE = Automatic;
				CURRENT_PROJECT_VERSION = 1;
				DEVELOPMENT_TEAM = SUD7RHBW66;
				GENERATE_INFOPLIST_FILE = YES;
				IPHONEOS_DEPLOYMENT_TARGET = 26.2;
				MACOSX_DEPLOYMENT_TARGET = 26.2;
				MARKETING_VERSION = 1.0;
				PRODUCT_BUNDLE_IDENTIFIER = com.louiscurrie.CipherUITests;
				PRODUCT_NAME = "$(TARGET_NAME)";
				SDKROOT = auto;
				STRING_CATALOG_GENERATE_SYMBOLS = NO;
				SUPPORTED_PLATFORMS = "iphoneos iphonesimulator macosx xros xrsimulator";
				SWIFT_APPROACHABLE_CONCURRENCY = YES;
				SWIFT_EMIT_LOC_STRINGS = NO;
				SWIFT_UPCOMING_FEATURE_MEMBER_IMPORT_VISIBILITY = YES;
				SWIFT_VERSION = 5.0;
				TARGETED_DEVICE_FAMILY = "1,2,7";
				TEST_TARGET_NAME = Cipher;
				XROS_DEPLOYMENT_TARGET = 26.2;
			};
			name = Debug;
		};
		369FFAAA2F3A60B700EC1695 /* Release */ = {
			isa = XCBuildConfiguration;
			buildSettings = {
				CODE_SIGN_STYLE = Automatic;
				CURRENT_PROJECT_VERSION = 1;
				DEVELOPMENT_TEAM = SUD7RHBW66;
				GENERATE_INFOPLIST_FILE = YES;
				IPHONEOS_DEPLOYMENT_TARGET = 26.2;
				MACOSX_DEPLOYMENT_TARGET = 26.2;
				MARKETING_VERSION = 1.0;
				PRODUCT_BUNDLE_IDENTIFIER = com.louiscurrie.CipherUITests;
				PRODUCT_NAME = "$(TARGET_NAME)";
				SDKROOT = auto;
				STRING_CATALOG_GENERATE_SYMBOLS = NO;
				SUPPORTED_PLATFORMS = "iphoneos iphonesimulator macosx xros xrsimulator";
				SWIFT_APPROACHABLE_CONCURRENCY = YES;
				SWIFT_EMIT_LOC_STRINGS = NO;
				SWIFT_UPCOMING_FEATURE_MEMBER_IMPORT_VISIBILITY = YES;
				SWIFT_VERSION = 5.0;
				TARGETED_DEVICE_FAMILY = "1,2,7";
				TEST_TARGET_NAME = Cipher;
				XROS_DEPLOYMENT_TARGET = 26.2;
			};
			name = Release;
		};
		36F043BF2F434DE200BA0305 /* Debug */ = {
			isa = XCBuildConfiguration;
			buildSettings = {
				CODE_SIGN_STYLE = Automatic;
				CURRENT_PROJECT_VERSION = 1;
				DEVELOPMENT_TEAM = SUD7RHBW66;
				GENERATE_INFOPLIST_FILE = YES;
				INFOPLIST_FILE = CipherShare/Info.plist;
				INFOPLIST_KEY_CFBundleDisplayName = CipherShare/Info.plist;
				INFOPLIST_KEY_NSHumanReadableCopyright = "";
				IPHONEOS_DEPLOYMENT_TARGET = 26.2;
				LD_RUNPATH_SEARCH_PATHS = (
					"$(inherited)",
					"@executable_path/Frameworks",
					"@executable_path/../../Frameworks",
				);
				MARKETING_VERSION = 1.0;
				PRODUCT_BUNDLE_IDENTIFIER = com.louiscurrie.Cipher.CipherShare;
				PRODUCT_NAME = "$(TARGET_NAME)";
				SDKROOT = iphoneos;
				SKIP_INSTALL = YES;
				STRING_CATALOG_GENERATE_SYMBOLS = YES;
				SWIFT_APPROACHABLE_CONCURRENCY = YES;
				SWIFT_EMIT_LOC_STRINGS = YES;
				SWIFT_UPCOMING_FEATURE_MEMBER_IMPORT_VISIBILITY = YES;
				SWIFT_VERSION = 5.0;
				TARGETED_DEVICE_FAMILY = "1,2";
			};
			name = Debug;
		};
		36F043C02F434DE200BA0305 /* Release */ = {
			isa = XCBuildConfiguration;
			buildSettings = {
				CODE_SIGN_STYLE = Automatic;
				CURRENT_PROJECT_VERSION = 1;
				DEVELOPMENT_TEAM = SUD7RHBW66;
				GENERATE_INFOPLIST_FILE = YES;
				INFOPLIST_FILE = CipherShare/Info.plist;
				INFOPLIST_KEY_CFBundleDisplayName = CipherShare/Info.plist;
				INFOPLIST_KEY_NSHumanReadableCopyright = "";
				IPHONEOS_DEPLOYMENT_TARGET = 26.2;
				LD_RUNPATH_SEARCH_PATHS = (
					"$(inherited)",
					"@executable_path/Frameworks",
					"@executable_path/../../Frameworks",
				);
				MARKETING_VERSION = 1.0;
				PRODUCT_BUNDLE_IDENTIFIER = com.louiscurrie.Cipher.CipherShare;
				PRODUCT_NAME = "$(TARGET_NAME)";
				SDKROOT = iphoneos;
				SKIP_INSTALL = YES;
				STRING_CATALOG_GENERATE_SYMBOLS = YES;
				SWIFT_APPROACHABLE_CONCURRENCY = YES;
				SWIFT_EMIT_LOC_STRINGS = YES;
				SWIFT_UPCOMING_FEATURE_MEMBER_IMPORT_VISIBILITY = YES;
				SWIFT_VERSION = 5.0;
				TARGETED_DEVICE_FAMILY = "1,2";
				VALIDATE_PRODUCT = YES;
			};
			name = Release;
		};
/* End XCBuildConfiguration section */

/* Begin XCConfigurationList section */
		369FFA772F3A60B600EC1695 /* Build configuration list for PBXProject "Cipher" */ = {
			isa = XCConfigurationList;
			buildConfigurations = (
				369FFAA32F3A60B700EC1695 /* Debug */,
				369FFAA42F3A60B700EC1695 /* Release */,
			);
			defaultConfigurationIsVisible = 0;
			defaultConfigurationName = Release;
		};
		369FFAA02F3A60B700EC1695 /* Build configuration list for PBXNativeTarget "Cipher" */ = {
			isa = XCConfigurationList;
			buildConfigurations = (
				369FFAA12F3A60B700EC1695 /* Debug */,
				369FFAA22F3A60B700EC1695 /* Release */,
			);
			defaultConfigurationIsVisible = 0;
			defaultConfigurationName = Release;
		};
		369FFAA52F3A60B700EC1695 /* Build configuration list for PBXNativeTarget "CipherTests" */ = {
			isa = XCConfigurationList;
			buildConfigurations = (
				369FFAA62F3A60B700EC1695 /* Debug */,
				369FFAA72F3A60B700EC1695 /* Release */,
			);
			defaultConfigurationIsVisible = 0;
			defaultConfigurationName = Release;
		};
		369FFAA82F3A60B700EC1695 /* Build configuration list for PBXNativeTarget "CipherUITests" */ = {
			isa = XCConfigurationList;
			buildConfigurations = (
				369FFAA92F3A60B700EC1695 /* Debug */,
				369FFAAA2F3A60B700EC1695 /* Release */,
			);
			defaultConfigurationIsVisible = 0;
			defaultConfigurationName = Release;
		};
		36F043BE2F434DE200BA0305 /* Build configuration list for PBXNativeTarget "CipherShare" */ = {
			isa = XCConfigurationList;
			buildConfigurations = (
				36F043BF2F434DE200BA0305 /* Debug */,
				36F043C02F434DE200BA0305 /* Release */,
			);
			defaultConfigurationIsVisible = 0;
			defaultConfigurationName = Release;
		};
/* End XCConfigurationList section */
	};
	rootObject = 369FFA742F3A60B600EC1695 /* Project object */;
}
